
Microsoft Visual Studio Solution File, Format Version 12.00
# Visual Studio Version 16
VisualStudioVersion = 16.0.30225.117
MinimumVisualStudioVersion = 10.0.40219.1
Project("{FAE04EC0-301F-11D3-BF4B-00C04F79EFBC}") = "WindowsFormsApp88", "WindowsFormsApp88\WindowsFormsApp88.csproj", "{9732D1A5-A721-4FCC-BA0B-5904AF1EBE4E}"
EndProject
Global
	GlobalSection(SolutionConfigurationPlatforms) = preSolution
		Debug|Any CPU = Debug|Any CPU
		Release|Any CPU = Release|Any CPU
	EndGlobalSection
	GlobalSection(ProjectConfigurationPlatforms) = postSolution
		{9732D1A5-A721-4FCC-BA0B-5904AF1EBE4E}.Debug|Any CPU.ActiveCfg = Debug|Any CPU
		{9732D1A5-A721-4FCC-BA0B-5904AF1EBE4E}.Debug|Any CPU.Build.0 = Debug|Any CPU
		{9732D1A5-A721-4FCC-BA0B-5904AF1EBE4E}.Release|Any CPU.ActiveCfg = Release|Any CPU
		{9732D1A5-A721-4FCC-BA0B-5904AF1EBE4E}.Release|Any CPU.Build.0 = Release|Any CPU
	EndGlobalSection
	GlobalSection(SolutionProperties) = preSolution
		HideSolutionNode = FALSE
	EndGlobalSection
	GlobalSection(ExtensibilityGlobals) = postSolution
		SolutionGuid = {00516194-B36B-4CE5-97F6-E49312D90295}
	EndGlobalSection
EndGlobal
